
Microsoft Visual Studio Solution File, Format Version 12.00
# Visual Studio Version 16
VisualStudioVersion = 16.0.29324.140
MinimumVisualStudioVersion = 10.0.40219.1
Project("{FAE04EC0-301F-11D3-BF4B-00C04F79EFBC}") = "Muit", "Muit.csproj", "{6C113E30-E2F9-4668-8EE3-2EC5429D84E8}"
EndProject
Global
	GlobalSection(SolutionConfigurationPlatforms) = preSolution
		Debug|Any CPU = Debug|Any CPU
		Release|Any CPU = Release|Any CPU
	EndGlobalSection
	GlobalSection(ProjectConfigurationPlatforms) = postSolution
		{6C113E30-E2F9-4668-8EE3-2EC5429D84E8}.Debug|Any CPU.ActiveCfg = Debug|Any CPU
		{6C113E30-E2F9-4668-8EE3-2EC5429D84E8}.Debug|Any CPU.Build.0 = Debug|Any CPU
		{6C113E30-E2F9-4668-8EE3-2EC5429D84E8}.Release|Any CPU.ActiveCfg = Release|Any CPU
		{6C113E30-E2F9-4668-8EE3-2EC5429D84E8}.Release|Any CPU.Build.0 = Release|Any CPU
	EndGlobalSection
	GlobalSection(SolutionProperties) = preSolution
		HideSolutionNode = FALSE
	EndGlobalSection
	GlobalSection(ExtensibilityGlobals) = postSolution
		SolutionGuid = {C4330A08-0238-4B13-A3F6-EFAEFB49455F}
	EndGlobalSection
EndGlobal
